
Microsoft Visual Studio Solution File, Format Version 12.00
# Visual Studio Version 16
VisualStudioVersion = 16.0.31702.278
MinimumVisualStudioVersion = 10.0.40219.1
Project("{9A19103F-16F7-4668-BE54-9A1E7A4F7556}") = "Project_Staff", "Project_Staff\Project_Staff.csproj", "{70B2FF59-7568-4E97-B35C-759BAAE63B79}"
EndProject
Project("{9A19103F-16F7-4668-BE54-9A1E7A4F7556}") = "StaffModel", "StaffModel\StaffModel.csproj", "{6F360049-3659-49CB-89FA-782A457F8729}"
EndProject
Project("{00D1A9C2-B5F0-4AF3-8072-F6C62B433612}") = "StaffDb", "StaffDb\StaffDb.sqlproj", "{9C44B1AF-F0AD-443E-9F12-922020A29EDD}"
EndProject
Project("{FAE04EC0-301F-11D3-BF4B-00C04F79EFBC}") = "StaffDBContext", "StaffDBContext\StaffDBContext.csproj", "{DB752FBE-0F7C-493A-BA7D-02A812D1F68A}"
EndProject
Global
	GlobalSection(SolutionConfigurationPlatforms) = preSolution
		Debug|Any CPU = Debug|Any CPU
		Release|Any CPU = Release|Any CPU
	EndGlobalSection
	GlobalSection(ProjectConfigurationPlatforms) = postSolution
		{70B2FF59-7568-4E97-B35C-759BAAE63B79}.Debug|Any CPU.ActiveCfg = Debug|Any CPU
		{70B2FF59-7568-4E97-B35C-759BAAE63B79}.Debug|Any CPU.Build.0 = Debug|Any CPU
		{70B2FF59-7568-4E97-B35C-759BAAE63B79}.Release|Any CPU.ActiveCfg = Release|Any CPU
		{70B2FF59-7568-4E97-B35C-759BAAE63B79}.Release|Any CPU.Build.0 = Release|Any CPU
		{6F360049-3659-49CB-89FA-782A457F8729}.Debug|Any CPU.ActiveCfg = Debug|Any CPU
		{6F360049-3659-49CB-89FA-782A457F8729}.Debug|Any CPU.Build.0 = Debug|Any CPU
		{6F360049-3659-49CB-89FA-782A457F8729}.Release|Any CPU.ActiveCfg = Release|Any CPU
		{6F360049-3659-49CB-89FA-782A457F8729}.Release|Any CPU.Build.0 = Release|Any CPU
		{9C44B1AF-F0AD-443E-9F12-922020A29EDD}.Debug|Any CPU.ActiveCfg = Debug|Any CPU
		{9C44B1AF-F0AD-443E-9F12-922020A29EDD}.Debug|Any CPU.Build.0 = Debug|Any CPU
		{9C44B1AF-F0AD-443E-9F12-922020A29EDD}.Debug|Any CPU.Deploy.0 = Debug|Any CPU
		{9C44B1AF-F0AD-443E-9F12-922020A29EDD}.Release|Any CPU.ActiveCfg = Release|Any CPU
		{9C44B1AF-F0AD-443E-9F12-922020A29EDD}.Release|Any CPU.Build.0 = Release|Any CPU
		{9C44B1AF-F0AD-443E-9F12-922020A29EDD}.Release|Any CPU.Deploy.0 = Release|Any CPU
		{DB752FBE-0F7C-493A-BA7D-02A812D1F68A}.Debug|Any CPU.ActiveCfg = Debug|Any CPU
		{DB752FBE-0F7C-493A-BA7D-02A812D1F68A}.Debug|Any CPU.Build.0 = Debug|Any CPU
		{DB752FBE-0F7C-493A-BA7D-02A812D1F68A}.Release|Any CPU.ActiveCfg = Release|Any CPU
		{DB752FBE-0F7C-493A-BA7D-02A812D1F68A}.Release|Any CPU.Build.0 = Release|Any CPU
	EndGlobalSection
	GlobalSection(SolutionProperties) = preSolution
		HideSolutionNode = FALSE
	EndGlobalSection
	GlobalSection(ExtensibilityGlobals) = postSolution
		SolutionGuid = {25D0D93F-5BE1-4533-B020-0C02A72783A5}
	EndGlobalSection
EndGlobal
